{
  "pins" : [
    {
      "identity" : "swift-argument-parser",
      "kind" : "remoteSourceControl",
      "location" : "https://github.com/apple/swift-argument-parser.git",
      "state" : {
        "revision" : "c8ed701b513cf5177118a175d85fbbbcd707ab41",
        "version" : "1.3.0"
      }
    },
    {
      "identity" : "swifttui",
      "kind" : "remoteSourceControl",
      "location" : "https://github.com/Finnvoor/SwiftTUI.git",
      "state" : {
        "revision" : "7ab7a7c8f0a30b8c84201903aa8bbbac99a99e9c",
        "version" : "1.0.4"
      }
    }
  ],
  "version" : 2
}
