{
  "pins" : [
    {
      "identity" : "swift-argument-parser",
      "kind" : "remoteSourceControl",
      "location" : "https://github.com/apple/swift-argument-parser.git",
      "state" : {
        "revision" : "c8ed701b513cf5177118a175d85fbbbcd707ab41",
        "version" : "1.3.0"
      }
    },
    {
      "identity" : "swifttui",
      "kind" : "remoteSourceControl",
      "location" : "https://github.com/Finnvoor/SwiftTUI.git",
      "state" : {
        "revision" : "fe7a5592492e8d6145d1f06005fe4cdc0edaf135",
        "version" : "1.0.3"
      }
    }
  ],
  "version" : 2
}
